PODS:
  - KKLib (0.1.1):
    - KKLib/Categories (= 0.1.1)
    - KKLib/Configs (= 0.1.1)
    - KKLib/Tools (= 0.1.1)
  - KKLib/Categories (0.1.1)
  - KKLib/Configs (0.1.1)
  - KKLib/Tools (0.1.1)

DEPENDENCIES:
  - KKLib (from `../`)

EXTERNAL SOURCES:
  KKLib:
    :path: "../"

SPEC CHECKSUMS:
  KKLib: f1e8f8c4bf0fbd93f1b6eb12c2e3b63739315d9b

PODFILE CHECKSUM: 62bb56ffc0be986753386cd030ad12c2de369484

COCOAPODS: 1.9.3
